<?xml version="1.0" encoding="utf-8"?>
<Project ToolsVersion="16.0" xmlns="http://schemas.microsoft.com/developer/msbuild/2003">
  <ItemGroup>
    <CustomBuild Include="D:\Documents\Development\CMake_Setups\Step12\release\CMakeFiles\941f33b348733a6d36eaee02adf614e6\Continuous.rule">
      <Filter>CMake Rules</Filter>
    </CustomBuild>
    <CustomBuild Include="D:\Documents\Development\CMake_Setups\Step12\CMakeLists.txt" />
  </ItemGroup>
  <ItemGroup>
    <None Include="D:\Documents\Development\CMake_Setups\Step12\release\CMakeFiles\Continuous" />
  </ItemGroup>
  <ItemGroup>
    <Filter Include="CMake Rules">
      <UniqueIdentifier>{EDE5BC68-6A5A-3F1B-807B-3B92AA5A82EC}</UniqueIdentifier>
    </Filter>
  </ItemGroup>
</Project>
