<?xml version="1.0" encoding="utf-8"?>
<Project ToolsVersion="16.0" xmlns="http://schemas.microsoft.com/developer/msbuild/2003">
  <ItemGroup>
    <ClCompile Include="D:\Documents\Development\CMake_Setups\Step12\MathFunctions\MathFunctions.cxx">
      <Filter>Source Files</Filter>
    </ClCompile>
  </ItemGroup>
  <ItemGroup>
    <CustomBuild Include="D:\Documents\Development\CMake_Setups\Step12\MathFunctions\CMakeLists.txt" />
  </ItemGroup>
  <ItemGroup>
    <Filter Include="Source Files">
      <UniqueIdentifier>{820844D9-B30B-3300-8A67-FB78D1796A30}</UniqueIdentifier>
    </Filter>
  </ItemGroup>
</Project>
