Microsoft Visual Studio Solution File, Format Version 12.00
# Visual Studio 16
Project("{8BC9CEB8-8B4A-11D0-8D11-00A0C91BC942}") = "ALL_BUILD", "ALL_BUILD.vcxproj", "{3A54FF28-626E-3E1D-9DBC-A3D8F2CD4243}"
	ProjectSection(ProjectDependencies) = postProject
		{3B477938-087A-3BF7-A6E9-B20E8E3644C3} = {3B477938-087A-3BF7-A6E9-B20E8E3644C3}
		{F677F8D6-6651-3650-9942-D31BC159937A} = {F677F8D6-6651-3650-9942-D31BC159937A}
		{D77D2684-4419-3D3D-9884-A013CC6E1695} = {D77D2684-4419-3D3D-9884-A013CC6E1695}
		{0CBBBD89-CCEE-377F-8B44-B0E3D2BD5A53} = {0CBBBD89-CCEE-377F-8B44-B0E3D2BD5A53}
		{87093EA8-2B89-3F60-ADE3-AF64DF19641A} = {87093EA8-2B89-3F60-ADE3-AF64DF19641A}
	EndProjectSection
EndProject
Project("{8BC9CEB8-8B4A-11D0-8D11-00A0C91BC942}") = "Continuous", "Continuous.vcxproj", "{82AD19E9-746E-399C-8E30-ECC2DD6F4184}"
	ProjectSection(ProjectDependencies) = postProject
		{87093EA8-2B89-3F60-ADE3-AF64DF19641A} = {87093EA8-2B89-3F60-ADE3-AF64DF19641A}
	EndProjectSection
EndProject
Project("{8BC9CEB8-8B4A-11D0-8D11-00A0C91BC942}") = "Experimental", "Experimental.vcxproj", "{8ACA20D4-5BC6-3A6E-AFFF-0759B85EE12E}"
	ProjectSection(ProjectDependencies) = postProject
		{87093EA8-2B89-3F60-ADE3-AF64DF19641A} = {87093EA8-2B89-3F60-ADE3-AF64DF19641A}
	EndProjectSection
EndProject
Project("{8BC9CEB8-8B4A-11D0-8D11-00A0C91BC942}") = "INSTALL", "INSTALL.vcxproj", "{CB2BBE10-AEB1-3CC3-9A9D-C06FA87E21EE}"
	ProjectSection(ProjectDependencies) = postProject
		{3A54FF28-626E-3E1D-9DBC-A3D8F2CD4243} = {3A54FF28-626E-3E1D-9DBC-A3D8F2CD4243}
		{87093EA8-2B89-3F60-ADE3-AF64DF19641A} = {87093EA8-2B89-3F60-ADE3-AF64DF19641A}
	EndProjectSection
EndProject
Project("{8BC9CEB8-8B4A-11D0-8D11-00A0C91BC942}") = "MakeTable", "MathFunctions\MakeTable.vcxproj", "{3B477938-087A-3BF7-A6E9-B20E8E3644C3}"
	ProjectSection(ProjectDependencies) = postProject
		{87093EA8-2B89-3F60-ADE3-AF64DF19641A} = {87093EA8-2B89-3F60-ADE3-AF64DF19641A}
	EndProjectSection
EndProject
Project("{8BC9CEB8-8B4A-11D0-8D11-00A0C91BC942}") = "MathFunctions", "MathFunctions\MathFunctions.vcxproj", "{F677F8D6-6651-3650-9942-D31BC159937A}"
	ProjectSection(ProjectDependencies) = postProject
		{D77D2684-4419-3D3D-9884-A013CC6E1695} = {D77D2684-4419-3D3D-9884-A013CC6E1695}
		{87093EA8-2B89-3F60-ADE3-AF64DF19641A} = {87093EA8-2B89-3F60-ADE3-AF64DF19641A}
	EndProjectSection
EndProject
Project("{8BC9CEB8-8B4A-11D0-8D11-00A0C91BC942}") = "Nightly", "Nightly.vcxproj", "{2BF59206-4162-3353-8E4A-836FBF4F8861}"
	ProjectSection(ProjectDependencies) = postProject
		{87093EA8-2B89-3F60-ADE3-AF64DF19641A} = {87093EA8-2B89-3F60-ADE3-AF64DF19641A}
	EndProjectSection
EndProject
Project("{8BC9CEB8-8B4A-11D0-8D11-00A0C91BC942}") = "NightlyMemoryCheck", "NightlyMemoryCheck.vcxproj", "{A67D3481-F426-359D-A66F-69311E20F436}"
	ProjectSection(ProjectDependencies) = postProject
		{87093EA8-2B89-3F60-ADE3-AF64DF19641A} = {87093EA8-2B89-3F60-ADE3-AF64DF19641A}
	EndProjectSection
EndProject
Project("{8BC9CEB8-8B4A-11D0-8D11-00A0C91BC942}") = "PACKAGE", "PACKAGE.vcxproj", "{F4594FA3-8CCE-399E-B72C-BC8062598585}"
	ProjectSection(ProjectDependencies) = postProject
		{3A54FF28-626E-3E1D-9DBC-A3D8F2CD4243} = {3A54FF28-626E-3E1D-9DBC-A3D8F2CD4243}
		{87093EA8-2B89-3F60-ADE3-AF64DF19641A} = {87093EA8-2B89-3F60-ADE3-AF64DF19641A}
	EndProjectSection
EndProject
Project("{8BC9CEB8-8B4A-11D0-8D11-00A0C91BC942}") = "RUN_TESTS", "RUN_TESTS.vcxproj", "{E532FD35-9D31-323F-A1F6-EC7754BC2ED8}"
	ProjectSection(ProjectDependencies) = postProject
		{87093EA8-2B89-3F60-ADE3-AF64DF19641A} = {87093EA8-2B89-3F60-ADE3-AF64DF19641A}
	EndProjectSection
EndProject
Project("{8BC9CEB8-8B4A-11D0-8D11-00A0C91BC942}") = "SqrtLibrary", "MathFunctions\SqrtLibrary.vcxproj", "{D77D2684-4419-3D3D-9884-A013CC6E1695}"
	ProjectSection(ProjectDependencies) = postProject
		{3B477938-087A-3BF7-A6E9-B20E8E3644C3} = {3B477938-087A-3BF7-A6E9-B20E8E3644C3}
		{87093EA8-2B89-3F60-ADE3-AF64DF19641A} = {87093EA8-2B89-3F60-ADE3-AF64DF19641A}
	EndProjectSection
EndProject
Project("{8BC9CEB8-8B4A-11D0-8D11-00A0C91BC942}") = "Tutorial", "Tutorial.vcxproj", "{0CBBBD89-CCEE-377F-8B44-B0E3D2BD5A53}"
	ProjectSection(ProjectDependencies) = postProject
		{F677F8D6-6651-3650-9942-D31BC159937A} = {F677F8D6-6651-3650-9942-D31BC159937A}
		{87093EA8-2B89-3F60-ADE3-AF64DF19641A} = {87093EA8-2B89-3F60-ADE3-AF64DF19641A}
	EndProjectSection
EndProject
Project("{8BC9CEB8-8B4A-11D0-8D11-00A0C91BC942}") = "ZERO_CHECK", "ZERO_CHECK.vcxproj", "{87093EA8-2B89-3F60-ADE3-AF64DF19641A}"
	ProjectSection(ProjectDependencies) = postProject
	EndProjectSection
EndProject
Global
	GlobalSection(SolutionConfigurationPlatforms) = preSolution
		Debug|x64 = Debug|x64
		Release|x64 = Release|x64
		MinSizeRel|x64 = MinSizeRel|x64
		RelWithDebInfo|x64 = RelWithDebInfo|x64
	EndGlobalSection
	GlobalSection(ProjectConfigurationPlatforms) = postSolution
		{3A54FF28-626E-3E1D-9DBC-A3D8F2CD4243}.Debug|x64.ActiveCfg = Debug|x64
		{3A54FF28-626E-3E1D-9DBC-A3D8F2CD4243}.Debug|x64.Build.0 = Debug|x64
		{3A54FF28-626E-3E1D-9DBC-A3D8F2CD4243}.Release|x64.ActiveCfg = Release|x64
		{3A54FF28-626E-3E1D-9DBC-A3D8F2CD4243}.Release|x64.Build.0 = Release|x64
		{3A54FF28-626E-3E1D-9DBC-A3D8F2CD4243}.MinSizeRel|x64.ActiveCfg = MinSizeRel|x64
		{3A54FF28-626E-3E1D-9DBC-A3D8F2CD4243}.MinSizeRel|x64.Build.0 = MinSizeRel|x64
		{3A54FF28-626E-3E1D-9DBC-A3D8F2CD4243}.RelWithDebInfo|x64.ActiveCfg = RelWithDebInfo|x64
		{3A54FF28-626E-3E1D-9DBC-A3D8F2CD4243}.RelWithDebInfo|x64.Build.0 = RelWithDebInfo|x64
		{82AD19E9-746E-399C-8E30-ECC2DD6F4184}.Debug|x64.ActiveCfg = Debug|x64
		{82AD19E9-746E-399C-8E30-ECC2DD6F4184}.Release|x64.ActiveCfg = Release|x64
		{82AD19E9-746E-399C-8E30-ECC2DD6F4184}.MinSizeRel|x64.ActiveCfg = MinSizeRel|x64
		{82AD19E9-746E-399C-8E30-ECC2DD6F4184}.RelWithDebInfo|x64.ActiveCfg = RelWithDebInfo|x64
		{8ACA20D4-5BC6-3A6E-AFFF-0759B85EE12E}.Debug|x64.ActiveCfg = Debug|x64
		{8ACA20D4-5BC6-3A6E-AFFF-0759B85EE12E}.Release|x64.ActiveCfg = Release|x64
		{8ACA20D4-5BC6-3A6E-AFFF-0759B85EE12E}.MinSizeRel|x64.ActiveCfg = MinSizeRel|x64
		{8ACA20D4-5BC6-3A6E-AFFF-0759B85EE12E}.RelWithDebInfo|x64.ActiveCfg = RelWithDebInfo|x64
		{CB2BBE10-AEB1-3CC3-9A9D-C06FA87E21EE}.Debug|x64.ActiveCfg = Debug|x64
		{CB2BBE10-AEB1-3CC3-9A9D-C06FA87E21EE}.Release|x64.ActiveCfg = Release|x64
		{CB2BBE10-AEB1-3CC3-9A9D-C06FA87E21EE}.MinSizeRel|x64.ActiveCfg = MinSizeRel|x64
		{CB2BBE10-AEB1-3CC3-9A9D-C06FA87E21EE}.RelWithDebInfo|x64.ActiveCfg = RelWithDebInfo|x64
		{3B477938-087A-3BF7-A6E9-B20E8E3644C3}.Debug|x64.ActiveCfg = Debug|x64
		{3B477938-087A-3BF7-A6E9-B20E8E3644C3}.Debug|x64.Build.0 = Debug|x64
		{3B477938-087A-3BF7-A6E9-B20E8E3644C3}.Release|x64.ActiveCfg = Release|x64
		{3B477938-087A-3BF7-A6E9-B20E8E3644C3}.Release|x64.Build.0 = Release|x64
		{3B477938-087A-3BF7-A6E9-B20E8E3644C3}.MinSizeRel|x64.ActiveCfg = MinSizeRel|x64
		{3B477938-087A-3BF7-A6E9-B20E8E3644C3}.MinSizeRel|x64.Build.0 = MinSizeRel|x64
		{3B477938-087A-3BF7-A6E9-B20E8E3644C3}.RelWithDebInfo|x64.ActiveCfg = RelWithDebInfo|x64
		{3B477938-087A-3BF7-A6E9-B20E8E3644C3}.RelWithDebInfo|x64.Build.0 = RelWithDebInfo|x64
		{F677F8D6-6651-3650-9942-D31BC159937A}.Debug|x64.ActiveCfg = Debug|x64
		{F677F8D6-6651-3650-9942-D31BC159937A}.Debug|x64.Build.0 = Debug|x64
		{F677F8D6-6651-3650-9942-D31BC159937A}.Release|x64.ActiveCfg = Release|x64
		{F677F8D6-6651-3650-9942-D31BC159937A}.Release|x64.Build.0 = Release|x64
		{F677F8D6-6651-3650-9942-D31BC159937A}.MinSizeRel|x64.ActiveCfg = MinSizeRel|x64
		{F677F8D6-6651-3650-9942-D31BC159937A}.MinSizeRel|x64.Build.0 = MinSizeRel|x64
		{F677F8D6-6651-3650-9942-D31BC159937A}.RelWithDebInfo|x64.ActiveCfg = RelWithDebInfo|x64
		{F677F8D6-6651-3650-9942-D31BC159937A}.RelWithDebInfo|x64.Build.0 = RelWithDebInfo|x64
		{2BF59206-4162-3353-8E4A-836FBF4F8861}.Debug|x64.ActiveCfg = Debug|x64
		{2BF59206-4162-3353-8E4A-836FBF4F8861}.Release|x64.ActiveCfg = Release|x64
		{2BF59206-4162-3353-8E4A-836FBF4F8861}.MinSizeRel|x64.ActiveCfg = MinSizeRel|x64
		{2BF59206-4162-3353-8E4A-836FBF4F8861}.RelWithDebInfo|x64.ActiveCfg = RelWithDebInfo|x64
		{A67D3481-F426-359D-A66F-69311E20F436}.Debug|x64.ActiveCfg = Debug|x64
		{A67D3481-F426-359D-A66F-69311E20F436}.Release|x64.ActiveCfg = Release|x64
		{A67D3481-F426-359D-A66F-69311E20F436}.MinSizeRel|x64.ActiveCfg = MinSizeRel|x64
		{A67D3481-F426-359D-A66F-69311E20F436}.RelWithDebInfo|x64.ActiveCfg = RelWithDebInfo|x64
		{F4594FA3-8CCE-399E-B72C-BC8062598585}.Debug|x64.ActiveCfg = Debug|x64
		{F4594FA3-8CCE-399E-B72C-BC8062598585}.Release|x64.ActiveCfg = Release|x64
		{F4594FA3-8CCE-399E-B72C-BC8062598585}.MinSizeRel|x64.ActiveCfg = MinSizeRel|x64
		{F4594FA3-8CCE-399E-B72C-BC8062598585}.RelWithDebInfo|x64.ActiveCfg = RelWithDebInfo|x64
		{E532FD35-9D31-323F-A1F6-EC7754BC2ED8}.Debug|x64.ActiveCfg = Debug|x64
		{E532FD35-9D31-323F-A1F6-EC7754BC2ED8}.Release|x64.ActiveCfg = Release|x64
		{E532FD35-9D31-323F-A1F6-EC7754BC2ED8}.MinSizeRel|x64.ActiveCfg = MinSizeRel|x64
		{E532FD35-9D31-323F-A1F6-EC7754BC2ED8}.RelWithDebInfo|x64.ActiveCfg = RelWithDebInfo|x64
		{D77D2684-4419-3D3D-9884-A013CC6E1695}.Debug|x64.ActiveCfg = Debug|x64
		{D77D2684-4419-3D3D-9884-A013CC6E1695}.Debug|x64.Build.0 = Debug|x64
		{D77D2684-4419-3D3D-9884-A013CC6E1695}.Release|x64.ActiveCfg = Release|x64
		{D77D2684-4419-3D3D-9884-A013CC6E1695}.Release|x64.Build.0 = Release|x64
		{D77D2684-4419-3D3D-9884-A013CC6E1695}.MinSizeRel|x64.ActiveCfg = MinSizeRel|x64
		{D77D2684-4419-3D3D-9884-A013CC6E1695}.MinSizeRel|x64.Build.0 = MinSizeRel|x64
		{D77D2684-4419-3D3D-9884-A013CC6E1695}.RelWithDebInfo|x64.ActiveCfg = RelWithDebInfo|x64
		{D77D2684-4419-3D3D-9884-A013CC6E1695}.RelWithDebInfo|x64.Build.0 = RelWithDebInfo|x64
		{0CBBBD89-CCEE-377F-8B44-B0E3D2BD5A53}.Debug|x64.ActiveCfg = Debug|x64
		{0CBBBD89-CCEE-377F-8B44-B0E3D2BD5A53}.Debug|x64.Build.0 = Debug|x64
		{0CBBBD89-CCEE-377F-8B44-B0E3D2BD5A53}.Release|x64.ActiveCfg = Release|x64
		{0CBBBD89-CCEE-377F-8B44-B0E3D2BD5A53}.Release|x64.Build.0 = Release|x64
		{0CBBBD89-CCEE-377F-8B44-B0E3D2BD5A53}.MinSizeRel|x64.ActiveCfg = MinSizeRel|x64
		{0CBBBD89-CCEE-377F-8B44-B0E3D2BD5A53}.MinSizeRel|x64.Build.0 = MinSizeRel|x64
		{0CBBBD89-CCEE-377F-8B44-B0E3D2BD5A53}.RelWithDebInfo|x64.ActiveCfg = RelWithDebInfo|x64
		{0CBBBD89-CCEE-377F-8B44-B0E3D2BD5A53}.RelWithDebInfo|x64.Build.0 = RelWithDebInfo|x64
		{87093EA8-2B89-3F60-ADE3-AF64DF19641A}.Debug|x64.ActiveCfg = Debug|x64
		{87093EA8-2B89-3F60-ADE3-AF64DF19641A}.Debug|x64.Build.0 = Debug|x64
		{87093EA8-2B89-3F60-ADE3-AF64DF19641A}.Release|x64.ActiveCfg = Release|x64
		{87093EA8-2B89-3F60-ADE3-AF64DF19641A}.Release|x64.Build.0 = Release|x64
		{87093EA8-2B89-3F60-ADE3-AF64DF19641A}.MinSizeRel|x64.ActiveCfg = MinSizeRel|x64
		{87093EA8-2B89-3F60-ADE3-AF64DF19641A}.MinSizeRel|x64.Build.0 = MinSizeRel|x64
		{87093EA8-2B89-3F60-ADE3-AF64DF19641A}.RelWithDebInfo|x64.ActiveCfg = RelWithDebInfo|x64
		{87093EA8-2B89-3F60-ADE3-AF64DF19641A}.RelWithDebInfo|x64.Build.0 = RelWithDebInfo|x64
	EndGlobalSection
	GlobalSection(ExtensibilityGlobals) = postSolution
		SolutionGuid = {FE77FA4B-5C48-3366-BAC2-40919178B063}
	EndGlobalSection
	GlobalSection(ExtensibilityAddIns) = postSolution
	EndGlobalSection
EndGlobal
